
Microsoft Visual Studio Solution File, Format Version 12.00
# Visual Studio 15
VisualStudioVersion = 15.0.27703.2026
MinimumVisualStudioVersion = 10.0.40219.1
Project("{FAE04EC0-301F-11D3-BF4B-00C04F79EFBC}") = "AdHr", "AdHr\AdHr.csproj", "{EEBDE220-E6DB-4832-AB0E-F4AF25927C38}"
EndProject
Project("{FAE04EC0-301F-11D3-BF4B-00C04F79EFBC}") = "AdHr.Tests", "AdHr.Tests\AdHr.Tests.csproj", "{32BD16E8-9BB8-4E75-9FF7-BE4F0373EB74}"
EndProject
Project("{2150E333-8FDC-42A3-9474-1A3956D46DE8}") = "BUILD", "BUILD", "{60FEE227-0C81-4B66-8EFC-6741EA0BDD70}"
	ProjectSection(SolutionItems) = preProject
		BUILD\Publish.ps1 = BUILD\Publish.ps1
	EndProjectSection
EndProject
Project("{FAE04EC0-301F-11D3-BF4B-00C04F79EFBC}") = "LoadingIndicators.WPF", "LoadingIndicators.WPF\LoadingIndicators.WPF.csproj", "{E49229CC-D702-478F-90E0-6E1A284272F6}"
EndProject
Global
	GlobalSection(SolutionConfigurationPlatforms) = preSolution
		Debug|Any CPU = Debug|Any CPU
		Release|Any CPU = Release|Any CPU
	EndGlobalSection
	GlobalSection(ProjectConfigurationPlatforms) = postSolution
		{EEBDE220-E6DB-4832-AB0E-F4AF25927C38}.Debug|Any CPU.ActiveCfg = Debug|Any CPU
		{EEBDE220-E6DB-4832-AB0E-F4AF25927C38}.Debug|Any CPU.Build.0 = Debug|Any CPU
		{EEBDE220-E6DB-4832-AB0E-F4AF25927C38}.Release|Any CPU.ActiveCfg = Release|Any CPU
		{EEBDE220-E6DB-4832-AB0E-F4AF25927C38}.Release|Any CPU.Build.0 = Release|Any CPU
		{32BD16E8-9BB8-4E75-9FF7-BE4F0373EB74}.Debug|Any CPU.ActiveCfg = Debug|Any CPU
		{32BD16E8-9BB8-4E75-9FF7-BE4F0373EB74}.Debug|Any CPU.Build.0 = Debug|Any CPU
		{32BD16E8-9BB8-4E75-9FF7-BE4F0373EB74}.Release|Any CPU.ActiveCfg = Release|Any CPU
		{32BD16E8-9BB8-4E75-9FF7-BE4F0373EB74}.Release|Any CPU.Build.0 = Release|Any CPU
		{E49229CC-D702-478F-90E0-6E1A284272F6}.Debug|Any CPU.ActiveCfg = Debug|Any CPU
		{E49229CC-D702-478F-90E0-6E1A284272F6}.Debug|Any CPU.Build.0 = Debug|Any CPU
		{E49229CC-D702-478F-90E0-6E1A284272F6}.Release|Any CPU.ActiveCfg = Release|Any CPU
		{E49229CC-D702-478F-90E0-6E1A284272F6}.Release|Any CPU.Build.0 = Release|Any CPU
	EndGlobalSection
	GlobalSection(SolutionProperties) = preSolution
		HideSolutionNode = FALSE
	EndGlobalSection
	GlobalSection(ExtensibilityGlobals) = postSolution
		SolutionGuid = {F0CF68F6-1430-49FD-B6F8-971DEEA7E4EE}
	EndGlobalSection
EndGlobal
